// !$*UTF8*$!
{
	archiveVersion = 1;
	classes = {
	};
	objectVersion = 51;
	objects = {

/* Begin PBXBuildFile section */
		E071423724B8C7E6009E41C3 /* AppDelegate.swift in Sources */ = {isa = PBXBuildFile; fileRef = E071423624B8C7E6009E41C3 /* AppDelegate.swift */; };
		E071423924B8C7E6009E41C3 /* SceneDelegate.swift in Sources */ = {isa = PBXBuildFile; fileRef = E071423824B8C7E6009E41C3 /* SceneDelegate.swift */; };
		E071423B24B8C7E6009E41C3 /* ViewController.swift in Sources */ = {isa = PBXBuildFile; fileRef = E071423A24B8C7E6009E41C3 /* ViewController.swift */; };
		E071423E24B8C7E6009E41C3 /* Main.storyboard in Resources */ = {isa = PBXBuildFile; fileRef = E071423C24B8C7E6009E41C3 /* Main.storyboard */; };
		E071424024B8C7E7009E41C3 /* Assets.xcassets in Resources */ = {isa = PBXBuildFile; fileRef = E071423F24B8C7E7009E41C3 /* Assets.xcassets */; };
		E071424324B8C7E7009E41C3 /* LaunchScreen.storyboard in Resources */ = {isa = PBXBuildFile; fileRef = E071424124B8C7E7009E41C3 /* LaunchScreen.storyboard */; };
		E071424E24B8C7E7009E41C3 /* Run_TrackerTests.swift in Sources */ = {isa = PBXBuildFile; fileRef = E071424D24B8C7E7009E41C3 /* Run_TrackerTests.swift */; };
		E0A1AD5524B8CE4600019E26 /* GoogleService-Info.plist in Resources */ = {isa = PBXBuildFile; fileRef = E0A1AD5424B8CE4600019E26 /* GoogleService-Info.plist */; };
		E0D1AECF259D71D400922C71 /* TestViewController.swift in Sources */ = {isa = PBXBuildFile; fileRef = E0D1AECE259D71D400922C71 /* TestViewController.swift */; };
		E0D1AED1259D72C800922C71 /* TestView.swift in Sources */ = {isa = PBXBuildFile; fileRef = E0D1AED0259D72C800922C71 /* TestView.swift */; };
		E0D33F7D24BA5065007081F4 /* TrackTime.swift in Sources */ = {isa = PBXBuildFile; fileRef = E0D33F7C24BA5065007081F4 /* TrackTime.swift */; };
		FF5BDE5095882D5F89322343 /* Pods_Run_Tracker.framework in Frameworks */ = {isa = PBXBuildFile; fileRef = 458C7BC721AA0EB99C411E05 /* Pods_Run_Tracker.framework */; };
/* End PBXBuildFile section */

/* Begin PBXContainerItemProxy section */
		E071424A24B8C7E7009E41C3 /* PBXContainerItemProxy */ = {
			isa = PBXContainerItemProxy;
			containerPortal = E071422B24B8C7E6009E41C3 /* Project object */;
			proxyType = 1;
			remoteGlobalIDString = E071423224B8C7E6009E41C3;
			remoteInfo = "Run Tracker";
		};
/* End PBXContainerItemProxy section */

/* Begin PBXFileReference section */
		458C7BC721AA0EB99C411E05 /* Pods_Run_Tracker.framework */ = {isa = PBXFileReference; explicitFileType = wrapper.framework; includeInIndex = 0; path = Pods_Run_Tracker.framework; sourceTree = BUILT_PRODUCTS_DIR; };
		754F84515E04C75A7722E8C8 /* Pods-Run Tracker.debug.xcconfig */ = {isa = PBXFileReference; includeInIndex = 1; lastKnownFileType = text.xcconfig; name = "Pods-Run Tracker.debug.xcconfig"; path = "Target Support Files/Pods-Run Tracker/Pods-Run Tracker.debug.xcconfig"; sourceTree = "<group>"; };
		89A9E62DA405ABBFFCAB4F61 /* Pods-Run Tracker.release.xcconfig */ = {isa = PBXFileReference; includeInIndex = 1; lastKnownFileType = text.xcconfig; name = "Pods-Run Tracker.release.xcconfig"; path = "Target Support Files/Pods-Run Tracker/Pods-Run Tracker.release.xcconfig"; sourceTree = "<group>"; };
		E071423324B8C7E6009E41C3 /* Run Tracker.app */ = {isa = PBXFileReference; explicitFileType = wrapper.application; includeInIndex = 0; path = "Run Tracker.app"; sourceTree = BUILT_PRODUCTS_DIR; };
		E071423624B8C7E6009E41C3 /* AppDelegate.swift */ = {isa = PBXFileReference; lastKnownFileType = sourcecode.swift; path = AppDelegate.swift; sourceTree = "<group>"; };
		E071423824B8C7E6009E41C3 /* SceneDelegate.swift */ = {isa = PBXFileReference; lastKnownFileType = sourcecode.swift; path = SceneDelegate.swift; sourceTree = "<group>"; };
		E071423A24B8C7E6009E41C3 /* ViewController.swift */ = {isa = PBXFileReference; lastKnownFileType = sourcecode.swift; path = ViewController.swift; sourceTree = "<group>"; };
		E071423D24B8C7E6009E41C3 /* Base */ = {isa = PBXFileReference; lastKnownFileType = file.storyboard; name = Base; path = Base.lproj/Main.storyboard; sourceTree = "<group>"; };
		E071423F24B8C7E7009E41C3 /* Assets.xcassets */ = {isa = PBXFileReference; lastKnownFileType = folder.assetcatalog; path = Assets.xcassets; sourceTree = "<group>"; };
		E071424224B8C7E7009E41C3 /* Base */ = {isa = PBXFileReference; lastKnownFileType = file.storyboard; name = Base; path = Base.lproj/LaunchScreen.storyboard; sourceTree = "<group>"; };
		E071424424B8C7E7009E41C3 /* Info.plist */ = {isa = PBXFileReference; lastKnownFileType = text.plist.xml; path = Info.plist; sourceTree = "<group>"; };
		E071424924B8C7E7009E41C3 /* Run TrackerTests.xctest */ = {isa = PBXFileReference; explicitFileType = wrapper.cfbundle; includeInIndex = 0; path = "Run TrackerTests.xctest"; sourceTree = BUILT_PRODUCTS_DIR; };
		E071424D24B8C7E7009E41C3 /* Run_TrackerTests.swift */ = {isa = PBXFileReference; lastKnownFileType = sourcecode.swift; path = Run_TrackerTests.swift; sourceTree = "<group>"; };
		E071424F24B8C7E7009E41C3 /* Info.plist */ = {isa = PBXFileReference; lastKnownFileType = text.plist.xml; path = Info.plist; sourceTree = "<group>"; };
		E0A1AD5424B8CE4600019E26 /* GoogleService-Info.plist */ = {isa = PBXFileReference; fileEncoding = 4; lastKnownFileType = text.plist.xml; path = "GoogleService-Info.plist"; sourceTree = "<group>"; };
		E0D1AECE259D71D400922C71 /* TestViewController.swift */ = {isa = PBXFileReference; lastKnownFileType = sourcecode.swift; path = TestViewController.swift; sourceTree = "<group>"; };
		E0D1AED0259D72C800922C71 /* TestView.swift */ = {isa = PBXFileReference; lastKnownFileType = sourcecode.swift; path = TestView.swift; sourceTree = "<group>"; };
		E0D33F7C24BA5065007081F4 /* TrackTime.swift */ = {isa = PBXFileReference; lastKnownFileType = sourcecode.swift; path = TrackTime.swift; sourceTree = "<group>"; };
/* End PBXFileReference section */

/* Begin PBXFrameworksBuildPhase section */
		E071423024B8C7E6009E41C3 /* Frameworks */ = {
			isa = PBXFrameworksBuildPhase;
			buildActionMask = 2147483647;
			files = (
				FF5BDE5095882D5F89322343 /* Pods_Run_Tracker.framework in Frameworks */,
			);
			runOnlyForDeploymentPostprocessing = 0;
		};
		E071424624B8C7E7009E41C3 /* Frameworks */ = {
			isa = PBXFrameworksBuildPhase;
			buildActionMask = 2147483647;
			files = (
			);
			runOnlyForDeploymentPostprocessing = 0;
		};
/* End PBXFrameworksBuildPhase section */

/* Begin PBXGroup section */
		5B465B8AC5A3E8B21378F757 /* Pods */ = {
			isa = PBXGroup;
			children = (
				754F84515E04C75A7722E8C8 /* Pods-Run Tracker.debug.xcconfig */,
				89A9E62DA405ABBFFCAB4F61 /* Pods-Run Tracker.release.xcconfig */,
			);
			path = Pods;
			sourceTree = "<group>";
		};
		DD2645B41A1AA73337106A13 /* Frameworks */ = {
			isa = PBXGroup;
			children = (
				458C7BC721AA0EB99C411E05 /* Pods_Run_Tracker.framework */,
			);
			name = Frameworks;
			sourceTree = "<group>";
		};
		E071422A24B8C7E6009E41C3 = {
			isa = PBXGroup;
			children = (
				E071423524B8C7E6009E41C3 /* Run Tracker */,
				E071424C24B8C7E7009E41C3 /* Run TrackerTests */,
				E071423424B8C7E6009E41C3 /* Products */,
				5B465B8AC5A3E8B21378F757 /* Pods */,
				DD2645B41A1AA73337106A13 /* Frameworks */,
			);
			sourceTree = "<group>";
		};
		E071423424B8C7E6009E41C3 /* Products */ = {
			isa = PBXGroup;
			children = (
				E071423324B8C7E6009E41C3 /* Run Tracker.app */,
				E071424924B8C7E7009E41C3 /* Run TrackerTests.xctest */,
			);
			name = Products;
			sourceTree = "<group>";
		};
		E071423524B8C7E6009E41C3 /* Run Tracker */ = {
			isa = PBXGroup;
			children = (
				E071423F24B8C7E7009E41C3 /* Assets.xcassets */,
				E071423824B8C7E6009E41C3 /* SceneDelegate.swift */,
				E071423624B8C7E6009E41C3 /* AppDelegate.swift */,
				E071424424B8C7E7009E41C3 /* Info.plist */,
				E0A1AD5424B8CE4600019E26 /* GoogleService-Info.plist */,
				E0D1AEC8259D6A7600922C71 /* Model */,
				E0D1AEC7259D6A6B00922C71 /* Controller */,
				E0D1AEC6259D6A5C00922C71 /* View */,
			);
			path = "Run Tracker";
			sourceTree = "<group>";
		};
		E071424C24B8C7E7009E41C3 /* Run TrackerTests */ = {
			isa = PBXGroup;
			children = (
				E071424D24B8C7E7009E41C3 /* Run_TrackerTests.swift */,
				E071424F24B8C7E7009E41C3 /* Info.plist */,
			);
			path = "Run TrackerTests";
			sourceTree = "<group>";
		};
		E0D1AEC6259D6A5C00922C71 /* View */ = {
			isa = PBXGroup;
			children = (
				E071423C24B8C7E6009E41C3 /* Main.storyboard */,
				E071424124B8C7E7009E41C3 /* LaunchScreen.storyboard */,
				E0D1AED0259D72C800922C71 /* TestView.swift */,
			);
			path = View;
			sourceTree = "<group>";
		};
		E0D1AEC7259D6A6B00922C71 /* Controller */ = {
			isa = PBXGroup;
			children = (
				E071423A24B8C7E6009E41C3 /* ViewController.swift */,
				E0D1AECE259D71D400922C71 /* TestViewController.swift */,
			);
			path = Controller;
			sourceTree = "<group>";
		};
		E0D1AEC8259D6A7600922C71 /* Model */ = {
			isa = PBXGroup;
			children = (
				E0D33F7C24BA5065007081F4 /* TrackTime.swift */,
			);
			path = Model;
			sourceTree = "<group>";
		};
/* End PBXGroup section */

/* Begin PBXNativeTarget section */
		E071423224B8C7E6009E41C3 /* Run Tracker */ = {
			isa = PBXNativeTarget;
			buildConfigurationList = E071425224B8C7E7009E41C3 /* Build configuration list for PBXNativeTarget "Run Tracker" */;
			buildPhases = (
				A02E38A4E86223024039CD45 /* [CP] Check Pods Manifest.lock */,
				E071422F24B8C7E6009E41C3 /* Sources */,
				E071423024B8C7E6009E41C3 /* Frameworks */,
				E071423124B8C7E6009E41C3 /* Resources */,
				FEE840A1C26F217F639413C1 /* [CP] Embed Pods Frameworks */,
			);
			buildRules = (
			);
			dependencies = (
			);
			name = "Run Tracker";
			productName = "Run Tracker";
			productReference = E071423324B8C7E6009E41C3 /* Run Tracker.app */;
			productType = "com.apple.product-type.application";
		};
		E071424824B8C7E7009E41C3 /* Run TrackerTests */ = {
			isa = PBXNativeTarget;
			buildConfigurationList = E071425524B8C7E7009E41C3 /* Build configuration list for PBXNativeTarget "Run TrackerTests" */;
			buildPhases = (
				E071424524B8C7E7009E41C3 /* Sources */,
				E071424624B8C7E7009E41C3 /* Frameworks */,
				E071424724B8C7E7009E41C3 /* Resources */,
			);
			buildRules = (
			);
			dependencies = (
				E071424B24B8C7E7009E41C3 /* PBXTargetDependency */,
			);
			name = "Run TrackerTests";
			productName = "Run TrackerTests";
			productReference = E071424924B8C7E7009E41C3 /* Run TrackerTests.xctest */;
			productType = "com.apple.product-type.bundle.unit-test";
		};
/* End PBXNativeTarget section */

/* Begin PBXProject section */
		E071422B24B8C7E6009E41C3 /* Project object */ = {
			isa = PBXProject;
			attributes = {
				LastSwiftUpdateCheck = 1150;
				LastUpgradeCheck = 1150;
				ORGANIZATIONNAME = "Chandler Mathews";
				TargetAttributes = {
					E071423224B8C7E6009E41C3 = {
						CreatedOnToolsVersion = 11.5;
					};
					E071424824B8C7E7009E41C3 = {
						CreatedOnToolsVersion = 11.5;
						TestTargetID = E071423224B8C7E6009E41C3;
					};
				};
			};
			buildConfigurationList = E071422E24B8C7E6009E41C3 /* Build configuration list for PBXProject "Run Tracker" */;
			compatibilityVersion = "Xcode 9.3";
			developmentRegion = en;
			hasScannedForEncodings = 0;
			knownRegions = (
				en,
				Base,
			);
			mainGroup = E071422A24B8C7E6009E41C3;
			productRefGroup = E071423424B8C7E6009E41C3 /* Products */;
			projectDirPath = "";
			projectRoot = "";
			targets = (
				E071423224B8C7E6009E41C3 /* Run Tracker */,
				E071424824B8C7E7009E41C3 /* Run TrackerTests */,
			);
		};
/* End PBXProject section */

/* Begin PBXResourcesBuildPhase section */
		E071423124B8C7E6009E41C3 /* Resources */ = {
			isa = PBXResourcesBuildPhase;
			buildActionMask = 2147483647;
			files = (
				E0A1AD5524B8CE4600019E26 /* GoogleService-Info.plist in Resources */,
				E071424324B8C7E7009E41C3 /* LaunchScreen.storyboard in Resources */,
				E071424024B8C7E7009E41C3 /* Assets.xcassets in Resources */,
				E071423E24B8C7E6009E41C3 /* Main.storyboard in Resources */,
			);
			runOnlyForDeploymentPostprocessing = 0;
		};
		E071424724B8C7E7009E41C3 /* Resources */ = {
			isa = PBXResourcesBuildPhase;
			buildActionMask = 2147483647;
			files = (
			);
			runOnlyForDeploymentPostprocessing = 0;
		};
/* End PBXResourcesBuildPhase section */

/* Begin PBXShellScriptBuildPhase section */
		A02E38A4E86223024039CD45 /* [CP] Check Pods Manifest.lock */ = {
			isa = PBXShellScriptBuildPhase;
			buildActionMask = 2147483647;
			files = (
			);
			inputFileListPaths = (
			);
			inputPaths = (
				"${PODS_PODFILE_DIR_PATH}/Podfile.lock",
				"${PODS_ROOT}/Manifest.lock",
			);
			name = "[CP] Check Pods Manifest.lock";
			outputFileListPaths = (
			);
			outputPaths = (
				"$(DERIVED_FILE_DIR)/Pods-Run Tracker-checkManifestLockResult.txt",
			);
			runOnlyForDeploymentPostprocessing = 0;
			shellPath = /bin/sh;
			shellScript = "diff \"${PODS_PODFILE_DIR_PATH}/Podfile.lock\" \"${PODS_ROOT}/Manifest.lock\" > /dev/null\nif [ $? != 0 ] ; then\n    # print error to STDERR\n    echo \"error: The sandbox is not in sync with the Podfile.lock. Run 'pod install' or update your CocoaPods installation.\" >&2\n    exit 1\nfi\n# This output is used by Xcode 'outputs' to avoid re-running this script phase.\necho \"SUCCESS\" > \"${SCRIPT_OUTPUT_FILE_0}\"\n";
			showEnvVarsInLog = 0;
		};
		FEE840A1C26F217F639413C1 /* [CP] Embed Pods Frameworks */ = {
			isa = PBXShellScriptBuildPhase;
			buildActionMask = 2147483647;
			files = (
			);
			inputFileListPaths = (
				"${PODS_ROOT}/Target Support Files/Pods-Run Tracker/Pods-Run Tracker-frameworks-${CONFIGURATION}-input-files.xcfilelist",
			);
			name = "[CP] Embed Pods Frameworks";
			outputFileListPaths = (
				"${PODS_ROOT}/Target Support Files/Pods-Run Tracker/Pods-Run Tracker-frameworks-${CONFIGURATION}-output-files.xcfilelist",
			);
			runOnlyForDeploymentPostprocessing = 0;
			shellPath = /bin/sh;
			shellScript = "\"${PODS_ROOT}/Target Support Files/Pods-Run Tracker/Pods-Run Tracker-frameworks.sh\"\n";
			showEnvVarsInLog = 0;
		};
/* End PBXShellScriptBuildPhase section */

/* Begin PBXSourcesBuildPhase section */
		E071422F24B8C7E6009E41C3 /* Sources */ = {
			isa = PBXSourcesBuildPhase;
			buildActionMask = 2147483647;
			files = (
				E0D1AED1259D72C800922C71 /* TestView.swift in Sources */,
				E071423B24B8C7E6009E41C3 /* ViewController.swift in Sources */,
				E071423724B8C7E6009E41C3 /* AppDelegate.swift in Sources */,
				E0D33F7D24BA5065007081F4 /* TrackTime.swift in Sources */,
				E071423924B8C7E6009E41C3 /* SceneDelegate.swift in Sources */,
				E0D1AECF259D71D400922C71 /* TestViewController.swift in Sources */,
			);
			runOnlyForDeploymentPostprocessing = 0;
		};
		E071424524B8C7E7009E41C3 /* Sources */ = {
			isa = PBXSourcesBuildPhase;
			buildActionMask = 2147483647;
			files = (
				E071424E24B8C7E7009E41C3 /* Run_TrackerTests.swift in Sources */,
			);
			runOnlyForDeploymentPostprocessing = 0;
		};
/* End PBXSourcesBuildPhase section */

/* Begin PBXTargetDependency section */
		E071424B24B8C7E7009E41C3 /* PBXTargetDependency */ = {
			isa = PBXTargetDependency;
			target = E071423224B8C7E6009E41C3 /* Run Tracker */;
			targetProxy = E071424A24B8C7E7009E41C3 /* PBXContainerItemProxy */;
		};
/* End PBXTargetDependency section */

/* Begin PBXVariantGroup section */
		E071423C24B8C7E6009E41C3 /* Main.storyboard */ = {
			isa = PBXVariantGroup;
			children = (
				E071423D24B8C7E6009E41C3 /* Base */,
			);
			name = Main.storyboard;
			sourceTree = "<group>";
		};
		E071424124B8C7E7009E41C3 /* LaunchScreen.storyboard */ = {
			isa = PBXVariantGroup;
			children = (
				E071424224B8C7E7009E41C3 /* Base */,
			);
			name = LaunchScreen.storyboard;
			sourceTree = "<group>";
		};
/* End PBXVariantGroup section */

/* Begin XCBuildConfiguration section */
		E071425024B8C7E7009E41C3 /* Debug */ = {
			isa = XCBuildConfiguration;
			buildSettings = {
				ALWAYS_SEARCH_USER_PATHS = NO;
				CLANG_ANALYZER_NONNULL = YES;
				CLANG_ANALYZER_NUMBER_OBJECT_CONVERSION = YES_AGGRESSIVE;
				CLANG_CXX_LANGUAGE_STANDARD = "gnu++14";
				CLANG_CXX_LIBRARY = "libc++";
				CLANG_ENABLE_MODULES = YES;
				CLANG_ENABLE_OBJC_ARC = YES;
				CLANG_ENABLE_OBJC_WEAK = YES;
				CLANG_WARN_BLOCK_CAPTURE_AUTORELEASING = YES;
				CLANG_WARN_BOOL_CONVERSION = YES;
				CLANG_WARN_COMMA = YES;
				CLANG_WARN_CONSTANT_CONVERSION = YES;
				CLANG_WARN_DEPRECATED_OBJC_IMPLEMENTATIONS = YES;
				CLANG_WARN_DIRECT_OBJC_ISA_USAGE = YES_ERROR;
				CLANG_WARN_DOCUMENTATION_COMMENTS = YES;
				CLANG_WARN_EMPTY_BODY = YES;
				CLANG_WARN_ENUM_CONVERSION = YES;
				CLANG_WARN_INFINITE_RECURSION = YES;
				CLANG_WARN_INT_CONVERSION = YES;
				CLANG_WARN_NON_LITERAL_NULL_CONVERSION = YES;
				CLANG_WARN_OBJC_IMPLICIT_RETAIN_SELF = YES;
				CLANG_WARN_OBJC_LITERAL_CONVERSION = YES;
				CLANG_WARN_OBJC_ROOT_CLASS = YES_ERROR;
				CLANG_WARN_RANGE_LOOP_ANALYSIS = YES;
				CLANG_WARN_STRICT_PROTOTYPES = YES;
				CLANG_WARN_SUSPICIOUS_MOVE = YES;
				CLANG_WARN_UNGUARDED_AVAILABILITY = YES_AGGRESSIVE;
				CLANG_WARN_UNREACHABLE_CODE = YES;
				CLANG_WARN__DUPLICATE_METHOD_MATCH = YES;
				COPY_PHASE_STRIP = NO;
				DEBUG_INFORMATION_FORMAT = dwarf;
				ENABLE_STRICT_OBJC_MSGSEND = YES;
				ENABLE_TESTABILITY = YES;
				GCC_C_LANGUAGE_STANDARD = gnu11;
				GCC_DYNAMIC_NO_PIC = NO;
				GCC_NO_COMMON_BLOCKS = YES;
				GCC_OPTIMIZATION_LEVEL = 0;
				GCC_PREPROCESSOR_DEFINITIONS = (
					"DEBUG=1",
					"$(inherited)",
				);
				GCC_WARN_64_TO_32_BIT_CONVERSION = YES;
				GCC_WARN_ABOUT_RETURN_TYPE = YES_ERROR;
				GCC_WARN_UNDECLARED_SELECTOR = YES;
				GCC_WARN_UNINITIALIZED_AUTOS = YES_AGGRESSIVE;
				GCC_WARN_UNUSED_FUNCTION = YES;
				GCC_WARN_UNUSED_VARIABLE = YES;
				IPHONEOS_DEPLOYMENT_TARGET = 13.5;
				MTL_ENABLE_DEBUG_INFO = INCLUDE_SOURCE;
				MTL_FAST_MATH = YES;
				ONLY_ACTIVE_ARCH = YES;
				SDKROOT = iphoneos;
				SWIFT_ACTIVE_COMPILATION_CONDITIONS = DEBUG;
				SWIFT_OPTIMIZATION_LEVEL = "-Onone";
			};
			name = Debug;
		};
		E071425124B8C7E7009E41C3 /* Release */ = {
			isa = XCBuildConfiguration;
			buildSettings = {
				ALWAYS_SEARCH_USER_PATHS = NO;
				CLANG_ANALYZER_NONNULL = YES;
				CLANG_ANALYZER_NUMBER_OBJECT_CONVERSION = YES_AGGRESSIVE;
				CLANG_CXX_LANGUAGE_STANDARD = "gnu++14";
				CLANG_CXX_LIBRARY = "libc++";
				CLANG_ENABLE_MODULES = YES;
				CLANG_ENABLE_OBJC_ARC = YES;
				CLANG_ENABLE_OBJC_WEAK = YES;
				CLANG_WARN_BLOCK_CAPTURE_AUTORELEASING = YES;
				CLANG_WARN_BOOL_CONVERSION = YES;
				CLANG_WARN_COMMA = YES;
				CLANG_WARN_CONSTANT_CONVERSION = YES;
				CLANG_WARN_DEPRECATED_OBJC_IMPLEMENTATIONS = YES;
				CLANG_WARN_DIRECT_OBJC_ISA_USAGE = YES_ERROR;
				CLANG_WARN_DOCUMENTATION_COMMENTS = YES;
				CLANG_WARN_EMPTY_BODY = YES;
				CLANG_WARN_ENUM_CONVERSION = YES;
				CLANG_WARN_INFINITE_RECURSION = YES;
				CLANG_WARN_INT_CONVERSION = YES;
				CLANG_WARN_NON_LITERAL_NULL_CONVERSION = YES;
				CLANG_WARN_OBJC_IMPLICIT_RETAIN_SELF = YES;
				CLANG_WARN_OBJC_LITERAL_CONVERSION = YES;
				CLANG_WARN_OBJC_ROOT_CLASS = YES_ERROR;
				CLANG_WARN_RANGE_LOOP_ANALYSIS = YES;
				CLANG_WARN_STRICT_PROTOTYPES = YES;
				CLANG_WARN_SUSPICIOUS_MOVE = YES;
				CLANG_WARN_UNGUARDED_AVAILABILITY = YES_AGGRESSIVE;
				CLANG_WARN_UNREACHABLE_CODE = YES;
				CLANG_WARN__DUPLICATE_METHOD_MATCH = YES;
				COPY_PHASE_STRIP = NO;
				DEBUG_INFORMATION_FORMAT = "dwarf-with-dsym";
				ENABLE_NS_ASSERTIONS = NO;
				ENABLE_STRICT_OBJC_MSGSEND = YES;
				GCC_C_LANGUAGE_STANDARD = gnu11;
				GCC_NO_COMMON_BLOCKS = YES;
				GCC_WARN_64_TO_32_BIT_CONVERSION = YES;
				GCC_WARN_ABOUT_RETURN_TYPE = YES_ERROR;
				GCC_WARN_UNDECLARED_SELECTOR = YES;
				GCC_WARN_UNINITIALIZED_AUTOS = YES_AGGRESSIVE;
				GCC_WARN_UNUSED_FUNCTION = YES;
				GCC_WARN_UNUSED_VARIABLE = YES;
				IPHONEOS_DEPLOYMENT_TARGET = 13.5;
				MTL_ENABLE_DEBUG_INFO = NO;
				MTL_FAST_MATH = YES;
				SDKROOT = iphoneos;
				SWIFT_COMPILATION_MODE = wholemodule;
				SWIFT_OPTIMIZATION_LEVEL = "-O";
				VALIDATE_PRODUCT = YES;
			};
			name = Release;
		};
		E071425324B8C7E7009E41C3 /* Debug */ = {
			isa = XCBuildConfiguration;
			baseConfigurationReference = 754F84515E04C75A7722E8C8 /* Pods-Run Tracker.debug.xcconfig */;
			buildSettings = {
				ASSETCATALOG_COMPILER_APPICON_NAME = AppIcon;
				CODE_SIGN_STYLE = Automatic;
				DEVELOPMENT_TEAM = QF4KY7J6YH;
				INFOPLIST_FILE = "Run Tracker/Info.plist";
				LD_RUNPATH_SEARCH_PATHS = (
					"$(inherited)",
					"@executable_path/Frameworks",
				);
				PRODUCT_BUNDLE_IDENTIFIER = "com.chandlermathews.Run-Tracker";
				PRODUCT_NAME = "$(TARGET_NAME)";
				SWIFT_VERSION = 5.0;
				TARGETED_DEVICE_FAMILY = "1,2";
			};
			name = Debug;
		};
		E071425424B8C7E7009E41C3 /* Release */ = {
			isa = XCBuildConfiguration;
			baseConfigurationReference = 89A9E62DA405ABBFFCAB4F61 /* Pods-Run Tracker.release.xcconfig */;
			buildSettings = {
				ASSETCATALOG_COMPILER_APPICON_NAME = AppIcon;
				CODE_SIGN_STYLE = Automatic;
				DEVELOPMENT_TEAM = QF4KY7J6YH;
				INFOPLIST_FILE = "Run Tracker/Info.plist";
				LD_RUNPATH_SEARCH_PATHS = (
					"$(inherited)",
					"@executable_path/Frameworks",
				);
				PRODUCT_BUNDLE_IDENTIFIER = "com.chandlermathews.Run-Tracker";
				PRODUCT_NAME = "$(TARGET_NAME)";
				SWIFT_VERSION = 5.0;
				TARGETED_DEVICE_FAMILY = "1,2";
			};
			name = Release;
		};
		E071425624B8C7E7009E41C3 /* Debug */ = {
			isa = XCBuildConfiguration;
			buildSettings = {
				ALWAYS_EMBED_SWIFT_STANDARD_LIBRARIES = YES;
				BUNDLE_LOADER = "$(TEST_HOST)";
				CODE_SIGN_STYLE = Automatic;
				DEVELOPMENT_TEAM = QF4KY7J6YH;
				INFOPLIST_FILE = "Run TrackerTests/Info.plist";
				IPHONEOS_DEPLOYMENT_TARGET = 13.5;
				LD_RUNPATH_SEARCH_PATHS = (
					"$(inherited)",
					"@executable_path/Frameworks",
					"@loader_path/Frameworks",
				);
				PRODUCT_BUNDLE_IDENTIFIER = "com.chandlermathews.Run-TrackerTests";
				PRODUCT_NAME = "$(TARGET_NAME)";
				SWIFT_VERSION = 5.0;
				TARGETED_DEVICE_FAMILY = "1,2";
				TEST_HOST = "$(BUILT_PRODUCTS_DIR)/Run Tracker.app/Run Tracker";
			};
			name = Debug;
		};
		E071425724B8C7E7009E41C3 /* Release */ = {
			isa = XCBuildConfiguration;
			buildSettings = {
				ALWAYS_EMBED_SWIFT_STANDARD_LIBRARIES = YES;
				BUNDLE_LOADER = "$(TEST_HOST)";
				CODE_SIGN_STYLE = Automatic;
				DEVELOPMENT_TEAM = QF4KY7J6YH;
				INFOPLIST_FILE = "Run TrackerTests/Info.plist";
				IPHONEOS_DEPLOYMENT_TARGET = 13.5;
				LD_RUNPATH_SEARCH_PATHS = (
					"$(inherited)",
					"@executable_path/Frameworks",
					"@loader_path/Frameworks",
				);
				PRODUCT_BUNDLE_IDENTIFIER = "com.chandlermathews.Run-TrackerTests";
				PRODUCT_NAME = "$(TARGET_NAME)";
				SWIFT_VERSION = 5.0;
				TARGETED_DEVICE_FAMILY = "1,2";
				TEST_HOST = "$(BUILT_PRODUCTS_DIR)/Run Tracker.app/Run Tracker";
			};
			name = Release;
		};
/* End XCBuildConfiguration section */

/* Begin XCConfigurationList section */
		E071422E24B8C7E6009E41C3 /* Build configuration list for PBXProject "Run Tracker" */ = {
			isa = XCConfigurationList;
			buildConfigurations = (
				E071425024B8C7E7009E41C3 /* Debug */,
				E071425124B8C7E7009E41C3 /* Release */,
			);
			defaultConfigurationIsVisible = 0;
			defaultConfigurationName = Release;
		};
		E071425224B8C7E7009E41C3 /* Build configuration list for PBXNativeTarget "Run Tracker" */ = {
			isa = XCConfigurationList;
			buildConfigurations = (
				E071425324B8C7E7009E41C3 /* Debug */,
				E071425424B8C7E7009E41C3 /* Release */,
			);
			defaultConfigurationIsVisible = 0;
			defaultConfigurationName = Release;
		};
		E071425524B8C7E7009E41C3 /* Build configuration list for PBXNativeTarget "Run TrackerTests" */ = {
			isa = XCConfigurationList;
			buildConfigurations = (
				E071425624B8C7E7009E41C3 /* Debug */,
				E071425724B8C7E7009E41C3 /* Release */,
			);
			defaultConfigurationIsVisible = 0;
			defaultConfigurationName = Release;
		};
/* End XCConfigurationList section */
	};
	rootObject = E071422B24B8C7E6009E41C3 /* Project object */;
}
